
Microsoft Visual Studio Solution File, Format Version 12.00
# Visual Studio Version 16
VisualStudioVersion = 25.0.1706.14
MinimumVisualStudioVersion = 10.0.40219.1
Project("{FAE04EC0-301F-11D3-BF4B-00C04F79EFBC}") = "Practice1", "Practice1.csproj", "{1ADF8E90-4E16-4F49-9D0E-CDC624730975}"
EndProject
Global
	GlobalSection(SolutionConfigurationPlatforms) = preSolution
		Debug|Any CPU = Debug|Any CPU
		Release|Any CPU = Release|Any CPU
	EndGlobalSection
	GlobalSection(ProjectConfigurationPlatforms) = postSolution
		{1ADF8E90-4E16-4F49-9D0E-CDC624730975}.Debug|Any CPU.ActiveCfg = Debug|Any CPU
		{1ADF8E90-4E16-4F49-9D0E-CDC624730975}.Debug|Any CPU.Build.0 = Debug|Any CPU
		{1ADF8E90-4E16-4F49-9D0E-CDC624730975}.Release|Any CPU.ActiveCfg = Release|Any CPU
		{1ADF8E90-4E16-4F49-9D0E-CDC624730975}.Release|Any CPU.Build.0 = Release|Any CPU
	EndGlobalSection
	GlobalSection(SolutionProperties) = preSolution
		HideSolutionNode = FALSE
	EndGlobalSection
	GlobalSection(ExtensibilityGlobals) = postSolution
		SolutionGuid = {12213E06-FF28-4FB7-A548-FE1A27AEC1B6}
	EndGlobalSection
EndGlobal
